
Microsoft Visual Studio Solution File, Format Version 12.00
# Visual Studio 15
VisualStudioVersion = 15.0.28307.329
MinimumVisualStudioVersion = 10.0.40219.1
Project("{FAE04EC0-301F-11D3-BF4B-00C04F79EFBC}") = "BookWriter3D", "BookWriter3D\BookWriter3D.csproj", "{D122CDEC-236E-4AE2-A9E5-44839C9D9EB0}"
EndProject
Global
	GlobalSection(SolutionConfigurationPlatforms) = preSolution
		Debug|Any CPU = Debug|Any CPU
		Release|Any CPU = Release|Any CPU
	EndGlobalSection
	GlobalSection(ProjectConfigurationPlatforms) = postSolution
		{D122CDEC-236E-4AE2-A9E5-44839C9D9EB0}.Debug|Any CPU.ActiveCfg = Debug|Any CPU
		{D122CDEC-236E-4AE2-A9E5-44839C9D9EB0}.Debug|Any CPU.Build.0 = Debug|Any CPU
		{D122CDEC-236E-4AE2-A9E5-44839C9D9EB0}.Release|Any CPU.ActiveCfg = Release|Any CPU
		{D122CDEC-236E-4AE2-A9E5-44839C9D9EB0}.Release|Any CPU.Build.0 = Release|Any CPU
	EndGlobalSection
	GlobalSection(SolutionProperties) = preSolution
		HideSolutionNode = FALSE
	EndGlobalSection
	GlobalSection(ExtensibilityGlobals) = postSolution
		SolutionGuid = {BC891698-EB0D-4849-A4BC-EF812A05C7C9}
	EndGlobalSection
EndGlobal
